
Microsoft Visual Studio Solution File, Format Version 12.00
# Visual Studio 2013
VisualStudioVersion = 12.0.40629.0
MinimumVisualStudioVersion = 10.0.40219.1
Project("{FAE04EC0-301F-11D3-BF4B-00C04F79EFBC}") = "drop_token", "drop_token\drop_token.csproj", "{CA873E10-5DBC-4DDF-B5E1-C758C83ACFBC}"
EndProject
Project("{FAE04EC0-301F-11D3-BF4B-00C04F79EFBC}") = "DropTokenGame", "DropTokenGame\DropTokenGame.csproj", "{828313F5-2E15-42A5-84EE-CBA9FEAB9026}"
EndProject
Project("{FAE04EC0-301F-11D3-BF4B-00C04F79EFBC}") = "DropTokenGame.Tests", "UnitTestProject1\DropTokenGame.Tests.csproj", "{311E8537-BA45-45A1-87A2-5A03AD52132F}"
EndProject
Global
	GlobalSection(SolutionConfigurationPlatforms) = preSolution
		Debug|Any CPU = Debug|Any CPU
		Release|Any CPU = Release|Any CPU
	EndGlobalSection
	GlobalSection(ProjectConfigurationPlatforms) = postSolution
		{CA873E10-5DBC-4DDF-B5E1-C758C83ACFBC}.Debug|Any CPU.ActiveCfg = Debug|Any CPU
		{CA873E10-5DBC-4DDF-B5E1-C758C83ACFBC}.Debug|Any CPU.Build.0 = Debug|Any CPU
		{CA873E10-5DBC-4DDF-B5E1-C758C83ACFBC}.Release|Any CPU.ActiveCfg = Release|Any CPU
		{CA873E10-5DBC-4DDF-B5E1-C758C83ACFBC}.Release|Any CPU.Build.0 = Release|Any CPU
		{828313F5-2E15-42A5-84EE-CBA9FEAB9026}.Debug|Any CPU.ActiveCfg = Debug|Any CPU
		{828313F5-2E15-42A5-84EE-CBA9FEAB9026}.Debug|Any CPU.Build.0 = Debug|Any CPU
		{828313F5-2E15-42A5-84EE-CBA9FEAB9026}.Release|Any CPU.ActiveCfg = Release|Any CPU
		{828313F5-2E15-42A5-84EE-CBA9FEAB9026}.Release|Any CPU.Build.0 = Release|Any CPU
		{311E8537-BA45-45A1-87A2-5A03AD52132F}.Debug|Any CPU.ActiveCfg = Debug|Any CPU
		{311E8537-BA45-45A1-87A2-5A03AD52132F}.Debug|Any CPU.Build.0 = Debug|Any CPU
		{311E8537-BA45-45A1-87A2-5A03AD52132F}.Release|Any CPU.ActiveCfg = Release|Any CPU
		{311E8537-BA45-45A1-87A2-5A03AD52132F}.Release|Any CPU.Build.0 = Release|Any CPU
	EndGlobalSection
	GlobalSection(SolutionProperties) = preSolution
		HideSolutionNode = FALSE
	EndGlobalSection
EndGlobal
